
Microsoft Visual Studio Solution File, Format Version 12.00
# Visual Studio Version 16
VisualStudioVersion = 16.0.29920.165
MinimumVisualStudioVersion = 10.0.40219.1
Project("{9A19103F-16F7-4668-BE54-9A1E7A4F7556}") = "MOOC_Server", "MOOC_Server\MOOC_Server.csproj", "{1C0327C3-4306-4F22-A66B-4CD4D55528C7}"
EndProject
Project("{9A19103F-16F7-4668-BE54-9A1E7A4F7556}") = "CourseLib", "Course\CourseLib.csproj", "{2EEC5009-7796-486D-B383-FA9D0A4E43A4}"
EndProject
Project("{9A19103F-16F7-4668-BE54-9A1E7A4F7556}") = "Stepik", "Stepik\Stepik.csproj", "{FED28938-B291-4294-9861-F141EC5B4781}"
EndProject
Project("{9A19103F-16F7-4668-BE54-9A1E7A4F7556}") = "Coursera", "Coursera\Coursera.csproj", "{DBB303D2-F9B8-4574-91C2-D61B691790E0}"
EndProject
Project("{9A19103F-16F7-4668-BE54-9A1E7A4F7556}") = "Udemy", "Udemy\Udemy.csproj", "{7269547F-AFB7-4E9B-B36D-89387B0C7D39}"
EndProject
Project("{9A19103F-16F7-4668-BE54-9A1E7A4F7556}") = "MySQL", "MySQL\MySQL.csproj", "{E6F76B7E-36C2-4FA2-BE8C-CA575998C59A}"
EndProject
Project("{FAE04EC0-301F-11D3-BF4B-00C04F79EFBC}") = "MOOC", "MOOC-1\MOOC\MOOC.csproj", "{E121D549-3A51-4AD6-9B5A-6C904593FBBD}"
EndProject
Global
	GlobalSection(SolutionConfigurationPlatforms) = preSolution
		Debug|Any CPU = Debug|Any CPU
		Debug|iPhone = Debug|iPhone
		Debug|iPhoneSimulator = Debug|iPhoneSimulator
		Release|Any CPU = Release|Any CPU
		Release|iPhone = Release|iPhone
		Release|iPhoneSimulator = Release|iPhoneSimulator
	EndGlobalSection
	GlobalSection(ProjectConfigurationPlatforms) = postSolution
		{1C0327C3-4306-4F22-A66B-4CD4D55528C7}.Debug|Any CPU.ActiveCfg = Debug|Any CPU
		{1C0327C3-4306-4F22-A66B-4CD4D55528C7}.Debug|Any CPU.Build.0 = Debug|Any CPU
		{1C0327C3-4306-4F22-A66B-4CD4D55528C7}.Debug|iPhone.ActiveCfg = Debug|Any CPU
		{1C0327C3-4306-4F22-A66B-4CD4D55528C7}.Debug|iPhone.Build.0 = Debug|Any CPU
		{1C0327C3-4306-4F22-A66B-4CD4D55528C7}.Debug|iPhoneSimulator.ActiveCfg = Debug|Any CPU
		{1C0327C3-4306-4F22-A66B-4CD4D55528C7}.Debug|iPhoneSimulator.Build.0 = Debug|Any CPU
		{1C0327C3-4306-4F22-A66B-4CD4D55528C7}.Release|Any CPU.ActiveCfg = Release|Any CPU
		{1C0327C3-4306-4F22-A66B-4CD4D55528C7}.Release|Any CPU.Build.0 = Release|Any CPU
		{1C0327C3-4306-4F22-A66B-4CD4D55528C7}.Release|iPhone.ActiveCfg = Release|Any CPU
		{1C0327C3-4306-4F22-A66B-4CD4D55528C7}.Release|iPhone.Build.0 = Release|Any CPU
		{1C0327C3-4306-4F22-A66B-4CD4D55528C7}.Release|iPhoneSimulator.ActiveCfg = Release|Any CPU
		{1C0327C3-4306-4F22-A66B-4CD4D55528C7}.Release|iPhoneSimulator.Build.0 = Release|Any CPU
		{2EEC5009-7796-486D-B383-FA9D0A4E43A4}.Debug|Any CPU.ActiveCfg = Debug|Any CPU
		{2EEC5009-7796-486D-B383-FA9D0A4E43A4}.Debug|Any CPU.Build.0 = Debug|Any CPU
		{2EEC5009-7796-486D-B383-FA9D0A4E43A4}.Debug|iPhone.ActiveCfg = Debug|Any CPU
		{2EEC5009-7796-486D-B383-FA9D0A4E43A4}.Debug|iPhone.Build.0 = Debug|Any CPU
		{2EEC5009-7796-486D-B383-FA9D0A4E43A4}.Debug|iPhoneSimulator.ActiveCfg = Debug|Any CPU
		{2EEC5009-7796-486D-B383-FA9D0A4E43A4}.Debug|iPhoneSimulator.Build.0 = Debug|Any CPU
		{2EEC5009-7796-486D-B383-FA9D0A4E43A4}.Release|Any CPU.ActiveCfg = Release|Any CPU
		{2EEC5009-7796-486D-B383-FA9D0A4E43A4}.Release|Any CPU.Build.0 = Release|Any CPU
		{2EEC5009-7796-486D-B383-FA9D0A4E43A4}.Release|iPhone.ActiveCfg = Release|Any CPU
		{2EEC5009-7796-486D-B383-FA9D0A4E43A4}.Release|iPhone.Build.0 = Release|Any CPU
		{2EEC5009-7796-486D-B383-FA9D0A4E43A4}.Release|iPhoneSimulator.ActiveCfg = Release|Any CPU
		{2EEC5009-7796-486D-B383-FA9D0A4E43A4}.Release|iPhoneSimulator.Build.0 = Release|Any CPU
		{FED28938-B291-4294-9861-F141EC5B4781}.Debug|Any CPU.ActiveCfg = Debug|Any CPU
		{FED28938-B291-4294-9861-F141EC5B4781}.Debug|Any CPU.Build.0 = Debug|Any CPU
		{FED28938-B291-4294-9861-F141EC5B4781}.Debug|iPhone.ActiveCfg = Debug|Any CPU
		{FED28938-B291-4294-9861-F141EC5B4781}.Debug|iPhone.Build.0 = Debug|Any CPU
		{FED28938-B291-4294-9861-F141EC5B4781}.Debug|iPhoneSimulator.ActiveCfg = Debug|Any CPU
		{FED28938-B291-4294-9861-F141EC5B4781}.Debug|iPhoneSimulator.Build.0 = Debug|Any CPU
		{FED28938-B291-4294-9861-F141EC5B4781}.Release|Any CPU.ActiveCfg = Release|Any CPU
		{FED28938-B291-4294-9861-F141EC5B4781}.Release|Any CPU.Build.0 = Release|Any CPU
		{FED28938-B291-4294-9861-F141EC5B4781}.Release|iPhone.ActiveCfg = Release|Any CPU
		{FED28938-B291-4294-9861-F141EC5B4781}.Release|iPhone.Build.0 = Release|Any CPU
		{FED28938-B291-4294-9861-F141EC5B4781}.Release|iPhoneSimulator.ActiveCfg = Release|Any CPU
		{FED28938-B291-4294-9861-F141EC5B4781}.Release|iPhoneSimulator.Build.0 = Release|Any CPU
		{DBB303D2-F9B8-4574-91C2-D61B691790E0}.Debug|Any CPU.ActiveCfg = Debug|Any CPU
		{DBB303D2-F9B8-4574-91C2-D61B691790E0}.Debug|Any CPU.Build.0 = Debug|Any CPU
		{DBB303D2-F9B8-4574-91C2-D61B691790E0}.Debug|iPhone.ActiveCfg = Debug|Any CPU
		{DBB303D2-F9B8-4574-91C2-D61B691790E0}.Debug|iPhone.Build.0 = Debug|Any CPU
		{DBB303D2-F9B8-4574-91C2-D61B691790E0}.Debug|iPhoneSimulator.ActiveCfg = Debug|Any CPU
		{DBB303D2-F9B8-4574-91C2-D61B691790E0}.Debug|iPhoneSimulator.Build.0 = Debug|Any CPU
		{DBB303D2-F9B8-4574-91C2-D61B691790E0}.Release|Any CPU.ActiveCfg = Release|Any CPU
		{DBB303D2-F9B8-4574-91C2-D61B691790E0}.Release|Any CPU.Build.0 = Release|Any CPU
		{DBB303D2-F9B8-4574-91C2-D61B691790E0}.Release|iPhone.ActiveCfg = Release|Any CPU
		{DBB303D2-F9B8-4574-91C2-D61B691790E0}.Release|iPhone.Build.0 = Release|Any CPU
		{DBB303D2-F9B8-4574-91C2-D61B691790E0}.Release|iPhoneSimulator.ActiveCfg = Release|Any CPU
		{DBB303D2-F9B8-4574-91C2-D61B691790E0}.Release|iPhoneSimulator.Build.0 = Release|Any CPU
		{7269547F-AFB7-4E9B-B36D-89387B0C7D39}.Debug|Any CPU.ActiveCfg = Debug|Any CPU
		{7269547F-AFB7-4E9B-B36D-89387B0C7D39}.Debug|Any CPU.Build.0 = Debug|Any CPU
		{7269547F-AFB7-4E9B-B36D-89387B0C7D39}.Debug|iPhone.ActiveCfg = Debug|Any CPU
		{7269547F-AFB7-4E9B-B36D-89387B0C7D39}.Debug|iPhone.Build.0 = Debug|Any CPU
		{7269547F-AFB7-4E9B-B36D-89387B0C7D39}.Debug|iPhoneSimulator.ActiveCfg = Debug|Any CPU
		{7269547F-AFB7-4E9B-B36D-89387B0C7D39}.Debug|iPhoneSimulator.Build.0 = Debug|Any CPU
		{7269547F-AFB7-4E9B-B36D-89387B0C7D39}.Release|Any CPU.ActiveCfg = Release|Any CPU
		{7269547F-AFB7-4E9B-B36D-89387B0C7D39}.Release|Any CPU.Build.0 = Release|Any CPU
		{7269547F-AFB7-4E9B-B36D-89387B0C7D39}.Release|iPhone.ActiveCfg = Release|Any CPU
		{7269547F-AFB7-4E9B-B36D-89387B0C7D39}.Release|iPhone.Build.0 = Release|Any CPU
		{7269547F-AFB7-4E9B-B36D-89387B0C7D39}.Release|iPhoneSimulator.ActiveCfg = Release|Any CPU
		{7269547F-AFB7-4E9B-B36D-89387B0C7D39}.Release|iPhoneSimulator.Build.0 = Release|Any CPU
		{E6F76B7E-36C2-4FA2-BE8C-CA575998C59A}.Debug|Any CPU.ActiveCfg = Debug|Any CPU
		{E6F76B7E-36C2-4FA2-BE8C-CA575998C59A}.Debug|Any CPU.Build.0 = Debug|Any CPU
		{E6F76B7E-36C2-4FA2-BE8C-CA575998C59A}.Debug|iPhone.ActiveCfg = Debug|Any CPU
		{E6F76B7E-36C2-4FA2-BE8C-CA575998C59A}.Debug|iPhone.Build.0 = Debug|Any CPU
		{E6F76B7E-36C2-4FA2-BE8C-CA575998C59A}.Debug|iPhoneSimulator.ActiveCfg = Debug|Any CPU
		{E6F76B7E-36C2-4FA2-BE8C-CA575998C59A}.Debug|iPhoneSimulator.Build.0 = Debug|Any CPU
		{E6F76B7E-36C2-4FA2-BE8C-CA575998C59A}.Release|Any CPU.ActiveCfg = Release|Any CPU
		{E6F76B7E-36C2-4FA2-BE8C-CA575998C59A}.Release|Any CPU.Build.0 = Release|Any CPU
		{E6F76B7E-36C2-4FA2-BE8C-CA575998C59A}.Release|iPhone.ActiveCfg = Release|Any CPU
		{E6F76B7E-36C2-4FA2-BE8C-CA575998C59A}.Release|iPhone.Build.0 = Release|Any CPU
		{E6F76B7E-36C2-4FA2-BE8C-CA575998C59A}.Release|iPhoneSimulator.ActiveCfg = Release|Any CPU
		{E6F76B7E-36C2-4FA2-BE8C-CA575998C59A}.Release|iPhoneSimulator.Build.0 = Release|Any CPU
		{E121D549-3A51-4AD6-9B5A-6C904593FBBD}.Debug|Any CPU.ActiveCfg = Debug|iPhone
		{E121D549-3A51-4AD6-9B5A-6C904593FBBD}.Debug|iPhone.ActiveCfg = Debug|iPhone
		{E121D549-3A51-4AD6-9B5A-6C904593FBBD}.Debug|iPhone.Build.0 = Debug|iPhone
		{E121D549-3A51-4AD6-9B5A-6C904593FBBD}.Debug|iPhoneSimulator.ActiveCfg = Debug|iPhoneSimulator
		{E121D549-3A51-4AD6-9B5A-6C904593FBBD}.Debug|iPhoneSimulator.Build.0 = Debug|iPhoneSimulator
		{E121D549-3A51-4AD6-9B5A-6C904593FBBD}.Release|Any CPU.ActiveCfg = Release|iPhone
		{E121D549-3A51-4AD6-9B5A-6C904593FBBD}.Release|iPhone.ActiveCfg = Release|iPhone
		{E121D549-3A51-4AD6-9B5A-6C904593FBBD}.Release|iPhone.Build.0 = Release|iPhone
		{E121D549-3A51-4AD6-9B5A-6C904593FBBD}.Release|iPhoneSimulator.ActiveCfg = Release|iPhoneSimulator
		{E121D549-3A51-4AD6-9B5A-6C904593FBBD}.Release|iPhoneSimulator.Build.0 = Release|iPhoneSimulator
	EndGlobalSection
	GlobalSection(SolutionProperties) = preSolution
		HideSolutionNode = FALSE
	EndGlobalSection
	GlobalSection(ExtensibilityGlobals) = postSolution
		SolutionGuid = {453E00D0-DEE9-4E86-B328-2442A44CD033}
	EndGlobalSection
EndGlobal
