
Microsoft Visual Studio Solution File, Format Version 12.00
# Visual Studio Version 16
VisualStudioVersion = 16.0.29920.165
MinimumVisualStudioVersion = 10.0.40219.1
Project("{FAE04EC0-301F-11D3-BF4B-00C04F79EFBC}") = "MOOC_Server", "MOOC_Server\MOOC_Server.csproj", "{1C0327C3-4306-4F22-A66B-4CD4D55528C7}"
EndProject
Project("{FAE04EC0-301F-11D3-BF4B-00C04F79EFBC}") = "CourseLib", "Course\CourseLib.csproj", "{2EEC5009-7796-486D-B383-FA9D0A4E43A4}"
EndProject
Project("{FAE04EC0-301F-11D3-BF4B-00C04F79EFBC}") = "Stepik", "Stepik\Stepik.csproj", "{FED28938-B291-4294-9861-F141EC5B4781}"
EndProject
Project("{FAE04EC0-301F-11D3-BF4B-00C04F79EFBC}") = "Testing", "Testing\Testing.csproj", "{8C7D7332-55C9-43A8-BFB2-E9B0CE1F4F5B}"
EndProject
Project("{FAE04EC0-301F-11D3-BF4B-00C04F79EFBC}") = "Coursera", "Coursera\Coursera.csproj", "{DBB303D2-F9B8-4574-91C2-D61B691790E0}"
EndProject
Global
	GlobalSection(SolutionConfigurationPlatforms) = preSolution
		Debug|Any CPU = Debug|Any CPU
		Release|Any CPU = Release|Any CPU
	EndGlobalSection
	GlobalSection(ProjectConfigurationPlatforms) = postSolution
		{1C0327C3-4306-4F22-A66B-4CD4D55528C7}.Debug|Any CPU.ActiveCfg = Debug|Any CPU
		{1C0327C3-4306-4F22-A66B-4CD4D55528C7}.Debug|Any CPU.Build.0 = Debug|Any CPU
		{1C0327C3-4306-4F22-A66B-4CD4D55528C7}.Release|Any CPU.ActiveCfg = Release|Any CPU
		{1C0327C3-4306-4F22-A66B-4CD4D55528C7}.Release|Any CPU.Build.0 = Release|Any CPU
		{2EEC5009-7796-486D-B383-FA9D0A4E43A4}.Debug|Any CPU.ActiveCfg = Debug|Any CPU
		{2EEC5009-7796-486D-B383-FA9D0A4E43A4}.Debug|Any CPU.Build.0 = Debug|Any CPU
		{2EEC5009-7796-486D-B383-FA9D0A4E43A4}.Release|Any CPU.ActiveCfg = Release|Any CPU
		{2EEC5009-7796-486D-B383-FA9D0A4E43A4}.Release|Any CPU.Build.0 = Release|Any CPU
		{FED28938-B291-4294-9861-F141EC5B4781}.Debug|Any CPU.ActiveCfg = Debug|Any CPU
		{FED28938-B291-4294-9861-F141EC5B4781}.Debug|Any CPU.Build.0 = Debug|Any CPU
		{FED28938-B291-4294-9861-F141EC5B4781}.Release|Any CPU.ActiveCfg = Release|Any CPU
		{FED28938-B291-4294-9861-F141EC5B4781}.Release|Any CPU.Build.0 = Release|Any CPU
		{8C7D7332-55C9-43A8-BFB2-E9B0CE1F4F5B}.Debug|Any CPU.ActiveCfg = Debug|Any CPU
		{8C7D7332-55C9-43A8-BFB2-E9B0CE1F4F5B}.Debug|Any CPU.Build.0 = Debug|Any CPU
		{8C7D7332-55C9-43A8-BFB2-E9B0CE1F4F5B}.Release|Any CPU.ActiveCfg = Release|Any CPU
		{8C7D7332-55C9-43A8-BFB2-E9B0CE1F4F5B}.Release|Any CPU.Build.0 = Release|Any CPU
		{DBB303D2-F9B8-4574-91C2-D61B691790E0}.Debug|Any CPU.ActiveCfg = Debug|Any CPU
		{DBB303D2-F9B8-4574-91C2-D61B691790E0}.Debug|Any CPU.Build.0 = Debug|Any CPU
		{DBB303D2-F9B8-4574-91C2-D61B691790E0}.Release|Any CPU.ActiveCfg = Release|Any CPU
		{DBB303D2-F9B8-4574-91C2-D61B691790E0}.Release|Any CPU.Build.0 = Release|Any CPU
	EndGlobalSection
	GlobalSection(SolutionProperties) = preSolution
		HideSolutionNode = FALSE
	EndGlobalSection
	GlobalSection(ExtensibilityGlobals) = postSolution
		SolutionGuid = {453E00D0-DEE9-4E86-B328-2442A44CD033}
	EndGlobalSection
EndGlobal
